
Microsoft Visual Studio Solution File, Format Version 12.00
# Visual Studio Version 16
VisualStudioVersion = 16.0.30804.86
MinimumVisualStudioVersion = 10.0.40219.1
Project("{FAE04EC0-301F-11D3-BF4B-00C04F79EFBC}") = "Core", "Core\Core.csproj", "{65E3FFEE-2B1E-49C3-A7A2-5F2C849B7C31}"
EndProject
Project("{FAE04EC0-301F-11D3-BF4B-00C04F79EFBC}") = "Entities", "Entities\Entities.csproj", "{6FD8238B-C9F5-486A-9B35-76D1A6DCD316}"
EndProject
Project("{FAE04EC0-301F-11D3-BF4B-00C04F79EFBC}") = "DataAccess", "DataAccess\DataAccess.csproj", "{D42995EC-59D8-4D4E-B9A8-7F6922C2D253}"
EndProject
Project("{FAE04EC0-301F-11D3-BF4B-00C04F79EFBC}") = "Business", "Business\Business.csproj", "{64837491-66A4-48E0-8A57-7EED39283131}"
EndProject
Project("{FAE04EC0-301F-11D3-BF4B-00C04F79EFBC}") = "WebApi", "WebApi\WebApi.csproj", "{13D65CD7-9331-400A-8665-B48C0C37CFC9}"
EndProject
Global
	GlobalSection(SolutionConfigurationPlatforms) = preSolution
		Debug|Any CPU = Debug|Any CPU
		Release|Any CPU = Release|Any CPU
	EndGlobalSection
	GlobalSection(ProjectConfigurationPlatforms) = postSolution
		{65E3FFEE-2B1E-49C3-A7A2-5F2C849B7C31}.Debug|Any CPU.ActiveCfg = Debug|Any CPU
		{65E3FFEE-2B1E-49C3-A7A2-5F2C849B7C31}.Debug|Any CPU.Build.0 = Debug|Any CPU
		{65E3FFEE-2B1E-49C3-A7A2-5F2C849B7C31}.Release|Any CPU.ActiveCfg = Release|Any CPU
		{65E3FFEE-2B1E-49C3-A7A2-5F2C849B7C31}.Release|Any CPU.Build.0 = Release|Any CPU
		{6FD8238B-C9F5-486A-9B35-76D1A6DCD316}.Debug|Any CPU.ActiveCfg = Debug|Any CPU
		{6FD8238B-C9F5-486A-9B35-76D1A6DCD316}.Debug|Any CPU.Build.0 = Debug|Any CPU
		{6FD8238B-C9F5-486A-9B35-76D1A6DCD316}.Release|Any CPU.ActiveCfg = Release|Any CPU
		{6FD8238B-C9F5-486A-9B35-76D1A6DCD316}.Release|Any CPU.Build.0 = Release|Any CPU
		{D42995EC-59D8-4D4E-B9A8-7F6922C2D253}.Debug|Any CPU.ActiveCfg = Debug|Any CPU
		{D42995EC-59D8-4D4E-B9A8-7F6922C2D253}.Debug|Any CPU.Build.0 = Debug|Any CPU
		{D42995EC-59D8-4D4E-B9A8-7F6922C2D253}.Release|Any CPU.ActiveCfg = Release|Any CPU
		{D42995EC-59D8-4D4E-B9A8-7F6922C2D253}.Release|Any CPU.Build.0 = Release|Any CPU
		{64837491-66A4-48E0-8A57-7EED39283131}.Debug|Any CPU.ActiveCfg = Debug|Any CPU
		{64837491-66A4-48E0-8A57-7EED39283131}.Debug|Any CPU.Build.0 = Debug|Any CPU
		{64837491-66A4-48E0-8A57-7EED39283131}.Release|Any CPU.ActiveCfg = Release|Any CPU
		{64837491-66A4-48E0-8A57-7EED39283131}.Release|Any CPU.Build.0 = Release|Any CPU
		{13D65CD7-9331-400A-8665-B48C0C37CFC9}.Debug|Any CPU.ActiveCfg = Debug|Any CPU
		{13D65CD7-9331-400A-8665-B48C0C37CFC9}.Debug|Any CPU.Build.0 = Debug|Any CPU
		{13D65CD7-9331-400A-8665-B48C0C37CFC9}.Release|Any CPU.ActiveCfg = Release|Any CPU
		{13D65CD7-9331-400A-8665-B48C0C37CFC9}.Release|Any CPU.Build.0 = Release|Any CPU
	EndGlobalSection
	GlobalSection(SolutionProperties) = preSolution
		HideSolutionNode = FALSE
	EndGlobalSection
	GlobalSection(ExtensibilityGlobals) = postSolution
		SolutionGuid = {96DB6ED9-5C57-4D50-A3A6-3D80383E2878}
	EndGlobalSection
EndGlobal
